
Microsoft Visual Studio Solution File, Format Version 12.00
# Visual Studio Version 17
VisualStudioVersion = 17.10.34707.107
MinimumVisualStudioVersion = 10.0.40219.1
Project("{2150E333-8FDC-42A3-9474-1A3956D46DE8}") = "Api", "Api", "{B449BA50-3F5B-4EA7-B5EE-E4A7D5E9C7FF}"
EndProject
Project("{2150E333-8FDC-42A3-9474-1A3956D46DE8}") = "Service", "Service", "{0F0AFE5F-D01E-4764-BCCB-459FC35FD48E}"
EndProject
Project("{2150E333-8FDC-42A3-9474-1A3956D46DE8}") = "src", "src", "{6DEF7949-0725-4161-8524-3AA79D5E7E16}"
EndProject
Project("{2150E333-8FDC-42A3-9474-1A3956D46DE8}") = "Domain", "Domain", "{87ED289F-A36D-47A8-8209-386C8AB46EC1}"
EndProject
Project("{9A19103F-16F7-4668-BE54-9A1E7A4F7556}") = "Domain", "src\Domain\Domain.csproj", "{B841E28F-49F4-4C69-B32A-06E87A582534}"
EndProject
Project("{9A19103F-16F7-4668-BE54-9A1E7A4F7556}") = "TennisMatchService", "src\Service\TennisMatchService.csproj", "{29E4E520-936C-48EC-9F69-9BDBDEEB2837}"
EndProject
Project("{9A19103F-16F7-4668-BE54-9A1E7A4F7556}") = "ConsoleApp", "src\Api\ConsoleApp\ConsoleApp.csproj", "{FCFFA937-B6EE-4FFF-8938-73AB12E2180E}"
EndProject
Project("{9A19103F-16F7-4668-BE54-9A1E7A4F7556}") = "RestApi", "src\Api\RestApi\RestApi.csproj", "{5FFA1BF0-C267-4C57-AB7D-50118B150106}"
EndProject
Project("{2150E333-8FDC-42A3-9474-1A3956D46DE8}") = "tests", "tests", "{9D893F18-771A-4D73-91EF-5C507256425A}"
EndProject
Project("{FAE04EC0-301F-11D3-BF4B-00C04F79EFBC}") = "Domain.Tests", "test\Domain.Tests\Domain.Tests.csproj", "{22E47CE9-90BA-44E1-AA2B-BF8986A2FAF3}"
EndProject
Global
	GlobalSection(SolutionConfigurationPlatforms) = preSolution
		Debug|Any CPU = Debug|Any CPU
		Release|Any CPU = Release|Any CPU
	EndGlobalSection
	GlobalSection(ProjectConfigurationPlatforms) = postSolution
		{B841E28F-49F4-4C69-B32A-06E87A582534}.Debug|Any CPU.ActiveCfg = Debug|Any CPU
		{B841E28F-49F4-4C69-B32A-06E87A582534}.Debug|Any CPU.Build.0 = Debug|Any CPU
		{B841E28F-49F4-4C69-B32A-06E87A582534}.Release|Any CPU.ActiveCfg = Release|Any CPU
		{B841E28F-49F4-4C69-B32A-06E87A582534}.Release|Any CPU.Build.0 = Release|Any CPU
		{29E4E520-936C-48EC-9F69-9BDBDEEB2837}.Debug|Any CPU.ActiveCfg = Debug|Any CPU
		{29E4E520-936C-48EC-9F69-9BDBDEEB2837}.Debug|Any CPU.Build.0 = Debug|Any CPU
		{29E4E520-936C-48EC-9F69-9BDBDEEB2837}.Release|Any CPU.ActiveCfg = Release|Any CPU
		{29E4E520-936C-48EC-9F69-9BDBDEEB2837}.Release|Any CPU.Build.0 = Release|Any CPU
		{FCFFA937-B6EE-4FFF-8938-73AB12E2180E}.Debug|Any CPU.ActiveCfg = Debug|Any CPU
		{FCFFA937-B6EE-4FFF-8938-73AB12E2180E}.Debug|Any CPU.Build.0 = Debug|Any CPU
		{FCFFA937-B6EE-4FFF-8938-73AB12E2180E}.Release|Any CPU.ActiveCfg = Release|Any CPU
		{FCFFA937-B6EE-4FFF-8938-73AB12E2180E}.Release|Any CPU.Build.0 = Release|Any CPU
		{5FFA1BF0-C267-4C57-AB7D-50118B150106}.Debug|Any CPU.ActiveCfg = Debug|Any CPU
		{5FFA1BF0-C267-4C57-AB7D-50118B150106}.Debug|Any CPU.Build.0 = Debug|Any CPU
		{5FFA1BF0-C267-4C57-AB7D-50118B150106}.Release|Any CPU.ActiveCfg = Release|Any CPU
		{5FFA1BF0-C267-4C57-AB7D-50118B150106}.Release|Any CPU.Build.0 = Release|Any CPU
		{22E47CE9-90BA-44E1-AA2B-BF8986A2FAF3}.Debug|Any CPU.ActiveCfg = Debug|Any CPU
		{22E47CE9-90BA-44E1-AA2B-BF8986A2FAF3}.Debug|Any CPU.Build.0 = Debug|Any CPU
		{22E47CE9-90BA-44E1-AA2B-BF8986A2FAF3}.Release|Any CPU.ActiveCfg = Release|Any CPU
		{22E47CE9-90BA-44E1-AA2B-BF8986A2FAF3}.Release|Any CPU.Build.0 = Release|Any CPU
	EndGlobalSection
	GlobalSection(SolutionProperties) = preSolution
		HideSolutionNode = FALSE
	EndGlobalSection
	GlobalSection(NestedProjects) = preSolution
		{B449BA50-3F5B-4EA7-B5EE-E4A7D5E9C7FF} = {6DEF7949-0725-4161-8524-3AA79D5E7E16}
		{0F0AFE5F-D01E-4764-BCCB-459FC35FD48E} = {6DEF7949-0725-4161-8524-3AA79D5E7E16}
		{87ED289F-A36D-47A8-8209-386C8AB46EC1} = {6DEF7949-0725-4161-8524-3AA79D5E7E16}
		{B841E28F-49F4-4C69-B32A-06E87A582534} = {87ED289F-A36D-47A8-8209-386C8AB46EC1}
		{29E4E520-936C-48EC-9F69-9BDBDEEB2837} = {0F0AFE5F-D01E-4764-BCCB-459FC35FD48E}
		{FCFFA937-B6EE-4FFF-8938-73AB12E2180E} = {B449BA50-3F5B-4EA7-B5EE-E4A7D5E9C7FF}
		{5FFA1BF0-C267-4C57-AB7D-50118B150106} = {B449BA50-3F5B-4EA7-B5EE-E4A7D5E9C7FF}
		{22E47CE9-90BA-44E1-AA2B-BF8986A2FAF3} = {9D893F18-771A-4D73-91EF-5C507256425A}
	EndGlobalSection
	GlobalSection(ExtensibilityGlobals) = postSolution
		SolutionGuid = {986B55C4-A681-46A7-B6CB-28B527595312}
	EndGlobalSection
EndGlobal
